
Microsoft Visual Studio Solution File, Format Version 12.00
# Visual Studio Version 17
VisualStudioVersion = 17.12.35514.174 d17.12
MinimumVisualStudioVersion = 10.0.40219.1
Project("{FAE04EC0-301F-11D3-BF4B-00C04F79EFBC}") = "adapters", "adapters\adapters.csproj", "{7197D049-C0F8-46C9-8D72-E458C226E4C8}"
EndProject
Project("{FAE04EC0-301F-11D3-BF4B-00C04F79EFBC}") = "application", "application\application.csproj", "{C2BC61E3-CCB3-496C-863D-61648222F499}"
EndProject
Project("{FAE04EC0-301F-11D3-BF4B-00C04F79EFBC}") = "domain", "domain\domain.csproj", "{6C997F97-FE1C-43B1-9FF5-840B10AA16F9}"
EndProject
Project("{2150E333-8FDC-42A3-9474-1A3956D46DE8}") = "adapters", "adapters", "{2E8483CD-F3C9-4424-A226-D70150167AE1}"
EndProject
Project("{2150E333-8FDC-42A3-9474-1A3956D46DE8}") = "Driving", "Driving", "{A3802738-A6AD-4605-BB48-B901A248902B}"
EndProject
Project("{FAE04EC0-301F-11D3-BF4B-00C04F79EFBC}") = "api", "adapters\Driving\Api\api.csproj", "{17EB5C5C-AEAC-4E3F-9849-2C8EFBFC4FB9}"
EndProject
Project("{FAE04EC0-301F-11D3-BF4B-00C04F79EFBC}") = "StorageNode", "adapters\Driving\StorageNode\StorageNode.csproj", "{9A0ECF9A-67E9-4D18-AF9F-55040AAC7ECD}"
EndProject
Global
	GlobalSection(SolutionConfigurationPlatforms) = preSolution
		Debug|Any CPU = Debug|Any CPU
		Release|Any CPU = Release|Any CPU
	EndGlobalSection
	GlobalSection(ProjectConfigurationPlatforms) = postSolution
		{7197D049-C0F8-46C9-8D72-E458C226E4C8}.Debug|Any CPU.ActiveCfg = Debug|Any CPU
		{7197D049-C0F8-46C9-8D72-E458C226E4C8}.Debug|Any CPU.Build.0 = Debug|Any CPU
		{7197D049-C0F8-46C9-8D72-E458C226E4C8}.Release|Any CPU.ActiveCfg = Release|Any CPU
		{7197D049-C0F8-46C9-8D72-E458C226E4C8}.Release|Any CPU.Build.0 = Release|Any CPU
		{C2BC61E3-CCB3-496C-863D-61648222F499}.Debug|Any CPU.ActiveCfg = Debug|Any CPU
		{C2BC61E3-CCB3-496C-863D-61648222F499}.Debug|Any CPU.Build.0 = Debug|Any CPU
		{C2BC61E3-CCB3-496C-863D-61648222F499}.Release|Any CPU.ActiveCfg = Release|Any CPU
		{C2BC61E3-CCB3-496C-863D-61648222F499}.Release|Any CPU.Build.0 = Release|Any CPU
		{6C997F97-FE1C-43B1-9FF5-840B10AA16F9}.Debug|Any CPU.ActiveCfg = Debug|Any CPU
		{6C997F97-FE1C-43B1-9FF5-840B10AA16F9}.Debug|Any CPU.Build.0 = Debug|Any CPU
		{6C997F97-FE1C-43B1-9FF5-840B10AA16F9}.Release|Any CPU.ActiveCfg = Release|Any CPU
		{6C997F97-FE1C-43B1-9FF5-840B10AA16F9}.Release|Any CPU.Build.0 = Release|Any CPU
		{17EB5C5C-AEAC-4E3F-9849-2C8EFBFC4FB9}.Debug|Any CPU.ActiveCfg = Debug|Any CPU
		{17EB5C5C-AEAC-4E3F-9849-2C8EFBFC4FB9}.Debug|Any CPU.Build.0 = Debug|Any CPU
		{17EB5C5C-AEAC-4E3F-9849-2C8EFBFC4FB9}.Release|Any CPU.ActiveCfg = Release|Any CPU
		{17EB5C5C-AEAC-4E3F-9849-2C8EFBFC4FB9}.Release|Any CPU.Build.0 = Release|Any CPU
		{9A0ECF9A-67E9-4D18-AF9F-55040AAC7ECD}.Debug|Any CPU.ActiveCfg = Debug|Any CPU
		{9A0ECF9A-67E9-4D18-AF9F-55040AAC7ECD}.Debug|Any CPU.Build.0 = Debug|Any CPU
		{9A0ECF9A-67E9-4D18-AF9F-55040AAC7ECD}.Release|Any CPU.ActiveCfg = Release|Any CPU
		{9A0ECF9A-67E9-4D18-AF9F-55040AAC7ECD}.Release|Any CPU.Build.0 = Release|Any CPU
	EndGlobalSection
	GlobalSection(SolutionProperties) = preSolution
		HideSolutionNode = FALSE
	EndGlobalSection
	GlobalSection(NestedProjects) = preSolution
		{7197D049-C0F8-46C9-8D72-E458C226E4C8} = {2E8483CD-F3C9-4424-A226-D70150167AE1}
		{A3802738-A6AD-4605-BB48-B901A248902B} = {2E8483CD-F3C9-4424-A226-D70150167AE1}
		{17EB5C5C-AEAC-4E3F-9849-2C8EFBFC4FB9} = {A3802738-A6AD-4605-BB48-B901A248902B}
		{9A0ECF9A-67E9-4D18-AF9F-55040AAC7ECD} = {A3802738-A6AD-4605-BB48-B901A248902B}
	EndGlobalSection
EndGlobal
